
Microsoft Visual Studio Solution File, Format Version 12.00
# Visual Studio Version 17
VisualStudioVersion = 17.13.35931.197
MinimumVisualStudioVersion = 10.0.40219.1
Project("{FAE04EC0-301F-11D3-BF4B-00C04F79EFBC}") = "LinkedList", "LinkedList\LinkedList.csproj", "{4584097F-38B2-44C7-9B3F-BFC6F69D719A}"
EndProject
Project("{FAE04EC0-301F-11D3-BF4B-00C04F79EFBC}") = "Stack", "Stack\Stack.csproj", "{73F3E6B9-CCC4-4D5C-A0C8-DFC9E6EABBCB}"
EndProject
Project("{FAE04EC0-301F-11D3-BF4B-00C04F79EFBC}") = "Queue", "Queue\Queue.csproj", "{F0C34530-4F4E-477E-ADBC-1526AF6F15CF}"
EndProject
Project("{FAE04EC0-301F-11D3-BF4B-00C04F79EFBC}") = "HashTable", "HashTable\HashTable.csproj", "{0FB62368-DBB2-42F0-9DD8-05A49B18449F}"
EndProject
Project("{FAE04EC0-301F-11D3-BF4B-00C04F79EFBC}") = "BinarySearchTree", "BinarySearchTree\BinarySearchTree.csproj", "{C74C4EC8-20E0-4142-8920-E1004052EB6F}"
EndProject
Project("{FAE04EC0-301F-11D3-BF4B-00C04F79EFBC}") = "Graph", "Graph\Graph.csproj", "{16625EE5-FEDC-4954-BC6A-35AE5A0AB455}"
EndProject
Project("{FAE04EC0-301F-11D3-BF4B-00C04F79EFBC}") = "Sort", "Sort\Sort.csproj", "{9D81A5CE-A2A4-46DE-A968-81362BCC772E}"
EndProject
Project("{FAE04EC0-301F-11D3-BF4B-00C04F79EFBC}") = "Recursion", "Recursion\Recursion.csproj", "{A372CF02-5616-4B33-9B7A-05E032756D66}"
EndProject
Project("{FAE04EC0-301F-11D3-BF4B-00C04F79EFBC}") = "Backtracking", "Backtracking\Backtracking.csproj", "{03EE1F27-3B16-46E6-86B4-D2ABD4BC10EC}"
EndProject
Project("{FAE04EC0-301F-11D3-BF4B-00C04F79EFBC}") = "Greedy", "Greedy\Greedy.csproj", "{3F2D102B-6E8E-43AC-9F2A-C055FE95A7D3}"
EndProject
Global
	GlobalSection(SolutionConfigurationPlatforms) = preSolution
		Debug|Any CPU = Debug|Any CPU
		Release|Any CPU = Release|Any CPU
	EndGlobalSection
	GlobalSection(ProjectConfigurationPlatforms) = postSolution
		{4584097F-38B2-44C7-9B3F-BFC6F69D719A}.Debug|Any CPU.ActiveCfg = Debug|Any CPU
		{4584097F-38B2-44C7-9B3F-BFC6F69D719A}.Debug|Any CPU.Build.0 = Debug|Any CPU
		{4584097F-38B2-44C7-9B3F-BFC6F69D719A}.Release|Any CPU.ActiveCfg = Release|Any CPU
		{4584097F-38B2-44C7-9B3F-BFC6F69D719A}.Release|Any CPU.Build.0 = Release|Any CPU
		{73F3E6B9-CCC4-4D5C-A0C8-DFC9E6EABBCB}.Debug|Any CPU.ActiveCfg = Debug|Any CPU
		{73F3E6B9-CCC4-4D5C-A0C8-DFC9E6EABBCB}.Debug|Any CPU.Build.0 = Debug|Any CPU
		{73F3E6B9-CCC4-4D5C-A0C8-DFC9E6EABBCB}.Release|Any CPU.ActiveCfg = Release|Any CPU
		{73F3E6B9-CCC4-4D5C-A0C8-DFC9E6EABBCB}.Release|Any CPU.Build.0 = Release|Any CPU
		{F0C34530-4F4E-477E-ADBC-1526AF6F15CF}.Debug|Any CPU.ActiveCfg = Debug|Any CPU
		{F0C34530-4F4E-477E-ADBC-1526AF6F15CF}.Debug|Any CPU.Build.0 = Debug|Any CPU
		{F0C34530-4F4E-477E-ADBC-1526AF6F15CF}.Release|Any CPU.ActiveCfg = Release|Any CPU
		{F0C34530-4F4E-477E-ADBC-1526AF6F15CF}.Release|Any CPU.Build.0 = Release|Any CPU
		{0FB62368-DBB2-42F0-9DD8-05A49B18449F}.Debug|Any CPU.ActiveCfg = Debug|Any CPU
		{0FB62368-DBB2-42F0-9DD8-05A49B18449F}.Debug|Any CPU.Build.0 = Debug|Any CPU
		{0FB62368-DBB2-42F0-9DD8-05A49B18449F}.Release|Any CPU.ActiveCfg = Release|Any CPU
		{0FB62368-DBB2-42F0-9DD8-05A49B18449F}.Release|Any CPU.Build.0 = Release|Any CPU
		{C74C4EC8-20E0-4142-8920-E1004052EB6F}.Debug|Any CPU.ActiveCfg = Debug|Any CPU
		{C74C4EC8-20E0-4142-8920-E1004052EB6F}.Debug|Any CPU.Build.0 = Debug|Any CPU
		{C74C4EC8-20E0-4142-8920-E1004052EB6F}.Release|Any CPU.ActiveCfg = Release|Any CPU
		{C74C4EC8-20E0-4142-8920-E1004052EB6F}.Release|Any CPU.Build.0 = Release|Any CPU
		{16625EE5-FEDC-4954-BC6A-35AE5A0AB455}.Debug|Any CPU.ActiveCfg = Debug|Any CPU
		{16625EE5-FEDC-4954-BC6A-35AE5A0AB455}.Debug|Any CPU.Build.0 = Debug|Any CPU
		{16625EE5-FEDC-4954-BC6A-35AE5A0AB455}.Release|Any CPU.ActiveCfg = Release|Any CPU
		{16625EE5-FEDC-4954-BC6A-35AE5A0AB455}.Release|Any CPU.Build.0 = Release|Any CPU
		{9D81A5CE-A2A4-46DE-A968-81362BCC772E}.Debug|Any CPU.ActiveCfg = Debug|Any CPU
		{9D81A5CE-A2A4-46DE-A968-81362BCC772E}.Debug|Any CPU.Build.0 = Debug|Any CPU
		{9D81A5CE-A2A4-46DE-A968-81362BCC772E}.Release|Any CPU.ActiveCfg = Release|Any CPU
		{9D81A5CE-A2A4-46DE-A968-81362BCC772E}.Release|Any CPU.Build.0 = Release|Any CPU
		{A372CF02-5616-4B33-9B7A-05E032756D66}.Debug|Any CPU.ActiveCfg = Debug|Any CPU
		{A372CF02-5616-4B33-9B7A-05E032756D66}.Debug|Any CPU.Build.0 = Debug|Any CPU
		{A372CF02-5616-4B33-9B7A-05E032756D66}.Release|Any CPU.ActiveCfg = Release|Any CPU
		{A372CF02-5616-4B33-9B7A-05E032756D66}.Release|Any CPU.Build.0 = Release|Any CPU
		{03EE1F27-3B16-46E6-86B4-D2ABD4BC10EC}.Debug|Any CPU.ActiveCfg = Debug|Any CPU
		{03EE1F27-3B16-46E6-86B4-D2ABD4BC10EC}.Debug|Any CPU.Build.0 = Debug|Any CPU
		{03EE1F27-3B16-46E6-86B4-D2ABD4BC10EC}.Release|Any CPU.ActiveCfg = Release|Any CPU
		{03EE1F27-3B16-46E6-86B4-D2ABD4BC10EC}.Release|Any CPU.Build.0 = Release|Any CPU
		{3F2D102B-6E8E-43AC-9F2A-C055FE95A7D3}.Debug|Any CPU.ActiveCfg = Debug|Any CPU
		{3F2D102B-6E8E-43AC-9F2A-C055FE95A7D3}.Debug|Any CPU.Build.0 = Debug|Any CPU
		{3F2D102B-6E8E-43AC-9F2A-C055FE95A7D3}.Release|Any CPU.ActiveCfg = Release|Any CPU
		{3F2D102B-6E8E-43AC-9F2A-C055FE95A7D3}.Release|Any CPU.Build.0 = Release|Any CPU
	EndGlobalSection
	GlobalSection(SolutionProperties) = preSolution
		HideSolutionNode = FALSE
	EndGlobalSection
	GlobalSection(ExtensibilityGlobals) = postSolution
		SolutionGuid = {F7312353-8BE5-444A-9C11-25E0EBE3C476}
	EndGlobalSection
EndGlobal
